
Microsoft Visual Studio Solution File, Format Version 12.00
# Visual Studio Version 16
VisualStudioVersion = 16.0.31410.357
MinimumVisualStudioVersion = 10.0.40219.1
Project("{8BC9CEB8-8B4A-11D0-8D11-00A0C91BC942}") = "SubstitutionCipher", "SubstitutionCipher\SubstitutionCipher.vcxproj", "{9AF6E2A2-A6FA-4DC6-A4A4-CF516D9F8C24}"
EndProject
Global
	GlobalSection(SolutionConfigurationPlatforms) = preSolution
		Debug|x64 = Debug|x64
		Debug|x86 = Debug|x86
		Release|x64 = Release|x64
		Release|x86 = Release|x86
	EndGlobalSection
	GlobalSection(ProjectConfigurationPlatforms) = postSolution
		{9AF6E2A2-A6FA-4DC6-A4A4-CF516D9F8C24}.Debug|x64.ActiveCfg = Debug|x64
		{9AF6E2A2-A6FA-4DC6-A4A4-CF516D9F8C24}.Debug|x64.Build.0 = Debug|x64
		{9AF6E2A2-A6FA-4DC6-A4A4-CF516D9F8C24}.Debug|x86.ActiveCfg = Debug|Win32
		{9AF6E2A2-A6FA-4DC6-A4A4-CF516D9F8C24}.Debug|x86.Build.0 = Debug|Win32
		{9AF6E2A2-A6FA-4DC6-A4A4-CF516D9F8C24}.Release|x64.ActiveCfg = Release|x64
		{9AF6E2A2-A6FA-4DC6-A4A4-CF516D9F8C24}.Release|x64.Build.0 = Release|x64
		{9AF6E2A2-A6FA-4DC6-A4A4-CF516D9F8C24}.Release|x86.ActiveCfg = Release|Win32
		{9AF6E2A2-A6FA-4DC6-A4A4-CF516D9F8C24}.Release|x86.Build.0 = Release|Win32
	EndGlobalSection
	GlobalSection(SolutionProperties) = preSolution
		HideSolutionNode = FALSE
	EndGlobalSection
	GlobalSection(ExtensibilityGlobals) = postSolution
		SolutionGuid = {855F9D95-8C60-43C2-9FCB-34C4D0BA9612}
	EndGlobalSection
EndGlobal
